// !$*UTF8*$!
{
	archiveVersion = 1;
	classes = {
	};
	objectVersion = 51;
	objects = {

/* Begin PBXBuildFile section */
		1BC05EF8239BC2D4003EA539 /* MapViewController.swift in Sources */ = {isa = PBXBuildFile; fileRef = 1BC05EF7239BC2D4003EA539 /* MapViewController.swift */; };
		1BC05EFA239BC3BA003EA539 /* Constants.swift in Sources */ = {isa = PBXBuildFile; fileRef = 1BC05EF9239BC3BA003EA539 /* Constants.swift */; };
		1BE85479239D21FA0094E944 /* OfferFormViewController.swift in Sources */ = {isa = PBXBuildFile; fileRef = 1BE85478239D21FA0094E944 /* OfferFormViewController.swift */; };
		1BE8547B239D25BA0094E944 /* OfferFormView.swift in Sources */ = {isa = PBXBuildFile; fileRef = 1BE8547A239D25BA0094E944 /* OfferFormView.swift */; };
		1BE8547E239D32080094E944 /* HHPickerToolbar.swift in Sources */ = {isa = PBXBuildFile; fileRef = 1BE8547D239D32080094E944 /* HHPickerToolbar.swift */; };
		492FD465239BFBA500573B1F /* User.swift in Sources */ = {isa = PBXBuildFile; fileRef = 492FD464239BFBA500573B1F /* User.swift */; };
		492FD467239BFBB200573B1F /* Location.swift in Sources */ = {isa = PBXBuildFile; fileRef = 492FD466239BFBB200573B1F /* Location.swift */; };
		492FD473239C30CF00573B1F /* FirestoreService.swift in Sources */ = {isa = PBXBuildFile; fileRef = 492FD472239C30CF00573B1F /* FirestoreService.swift */; };
		492FD4BF239E2DDF00573B1F /* HHTextField.swift in Sources */ = {isa = PBXBuildFile; fileRef = 492FD4BE239E2DDE00573B1F /* HHTextField.swift */; };
		492FD4C1239E2E0200573B1F /* CarpoolUser.swift in Sources */ = {isa = PBXBuildFile; fileRef = 492FD4C0239E2E0100573B1F /* CarpoolUser.swift */; };
		492FD4C9239E708F00573B1F /* LoginFormViewController.swift in Sources */ = {isa = PBXBuildFile; fileRef = 492FD4C8239E708E00573B1F /* LoginFormViewController.swift */; };
		492FD4CB239E709F00573B1F /* LoginFormView.swift in Sources */ = {isa = PBXBuildFile; fileRef = 492FD4CA239E709F00573B1F /* LoginFormView.swift */; };
		492FD4CD239E727800573B1F /* LoginFormViewDelegate.swift in Sources */ = {isa = PBXBuildFile; fileRef = 492FD4CC239E727800573B1F /* LoginFormViewDelegate.swift */; };
		492FD4CF239E838E00573B1F /* HHTabbar.swift in Sources */ = {isa = PBXBuildFile; fileRef = 492FD4CE239E838E00573B1F /* HHTabbar.swift */; };
		492FD4D5239F705000573B1F /* UserSetting.swift in Sources */ = {isa = PBXBuildFile; fileRef = 492FD4D4239F705000573B1F /* UserSetting.swift */; };
		492FD4D7239FAD6D00573B1F /* Codable.swift in Sources */ = {isa = PBXBuildFile; fileRef = 492FD4D6239FAD6D00573B1F /* Codable.swift */; };
		492FD4E123A1564200573B1F /* HHFloatButton.swift in Sources */ = {isa = PBXBuildFile; fileRef = 492FD4E023A1564200573B1F /* HHFloatButton.swift */; };
		492FD4E323A1650300573B1F /* OfferForm.swift in Sources */ = {isa = PBXBuildFile; fileRef = 492FD4E223A1650300573B1F /* OfferForm.swift */; };
		492FD4E523A17E6800573B1F /* GoogleService.swift in Sources */ = {isa = PBXBuildFile; fileRef = 492FD4E423A17E6800573B1F /* GoogleService.swift */; };
		492FD4E723A1824300573B1F /* Geolocation.swift in Sources */ = {isa = PBXBuildFile; fileRef = 492FD4E623A1824300573B1F /* Geolocation.swift */; };
		492FD4E923A18DFB00573B1F /* GoogleResponse.swift in Sources */ = {isa = PBXBuildFile; fileRef = 492FD4E823A18DFB00573B1F /* GoogleResponse.swift */; };
		49572BD823A3FC8200A3C32A /* PipelineData.swift in Sources */ = {isa = PBXBuildFile; fileRef = 49572BD723A3FC8200A3C32A /* PipelineData.swift */; };
		4974F99223A321CD00F1BA4E /* PollFormViewController.swift in Sources */ = {isa = PBXBuildFile; fileRef = 4974F99123A321CD00F1BA4E /* PollFormViewController.swift */; };
		4974F99723A32BA700F1BA4E /* PollFormView.swift in Sources */ = {isa = PBXBuildFile; fileRef = 4974F99623A32BA700F1BA4E /* PollFormView.swift */; };
		4974F99923A32F2C00F1BA4E /* PollFormViewDelegate.swift in Sources */ = {isa = PBXBuildFile; fileRef = 4974F99823A32F2C00F1BA4E /* PollFormViewDelegate.swift */; };
		4974F99B23A331E900F1BA4E /* CommentForm.swift in Sources */ = {isa = PBXBuildFile; fileRef = 4974F99A23A331E900F1BA4E /* CommentForm.swift */; };
		4974F99D23A3632E00F1BA4E /* CarpooListCellDelegate.swift in Sources */ = {isa = PBXBuildFile; fileRef = 4974F99C23A3632E00F1BA4E /* CarpooListCellDelegate.swift */; };
		688C3A60C062137A14F73077 /* libPods-HerHackTests.a in Frameworks */ = {isa = PBXBuildFile; fileRef = 41607AA64638F36FBAD1DA0E /* libPods-HerHackTests.a */; };
		BA74DE1071FF8539B270ACBC /* libPods-HerHackUITests.a in Frameworks */ = {isa = PBXBuildFile; fileRef = FD6FEAA1C42707D0E4C96624 /* libPods-HerHackUITests.a */; };
		BB13DCD92387F0930050B345 /* AppDelegate.swift in Sources */ = {isa = PBXBuildFile; fileRef = BB13DCD82387F0930050B345 /* AppDelegate.swift */; };
		BB13DCDB2387F0930050B345 /* SceneDelegate.swift in Sources */ = {isa = PBXBuildFile; fileRef = BB13DCDA2387F0930050B345 /* SceneDelegate.swift */; };
		BB13DCDD2387F0930050B345 /* CarpoolListViewContoller.swift in Sources */ = {isa = PBXBuildFile; fileRef = BB13DCDC2387F0930050B345 /* CarpoolListViewContoller.swift */; };
		BB13DCF02387F0970050B345 /* HerHackTests.swift in Sources */ = {isa = PBXBuildFile; fileRef = BB13DCEF2387F0970050B345 /* HerHackTests.swift */; };
		BB7169C12389459200C34C5F /* Assets.xcassets in Resources */ = {isa = PBXBuildFile; fileRef = BB13DCE12387F0970050B345 /* Assets.xcassets */; };
		C263D41A48E99D5448B8C3AE /* libPods-HerHack.a in Frameworks */ = {isa = PBXBuildFile; fileRef = 0D31AE046479B7B2083D1DA7 /* libPods-HerHack.a */; };
		D23B7DB52388062000F92B1B /* HerHackUITests.swift in Sources */ = {isa = PBXBuildFile; fileRef = D23B7DB42388062000F92B1B /* HerHackUITests.swift */; };
		D249527C239C0C2C009382F2 /* Date.swift in Sources */ = {isa = PBXBuildFile; fileRef = D249527B239C0C2C009382F2 /* Date.swift */; };
		D26E07B7239A3FF400C028BF /* Carpool.swift in Sources */ = {isa = PBXBuildFile; fileRef = D26E07B6239A3FF400C028BF /* Carpool.swift */; };
		D26E07BA239A41E100C028BF /* CarpoolListCell.swift in Sources */ = {isa = PBXBuildFile; fileRef = D26E07B9239A41E100C028BF /* CarpoolListCell.swift */; };
		D2C1277E239C102D00D308C0 /* GoogleService-Info.plist in Resources */ = {isa = PBXBuildFile; fileRef = D2C1277D239C102D00D308C0 /* GoogleService-Info.plist */; };
		D2D26E7E239CC8FD0071B47A /* CarpoolList.swift in Sources */ = {isa = PBXBuildFile; fileRef = D2D26E7D239CC8FD0071B47A /* CarpoolList.swift */; };
		D2D26E82239CCD310071B47A /* DataRefreashable.swift in Sources */ = {isa = PBXBuildFile; fileRef = D2D26E81239CCD310071B47A /* DataRefreashable.swift */; };
		D2D26E85239CCD690071B47A /* HHTextFieldDelegate.swift in Sources */ = {isa = PBXBuildFile; fileRef = D2D26E84239CCD690071B47A /* HHTextFieldDelegate.swift */; };
		D2D26E87239D431A0071B47A /* UITextField.swift in Sources */ = {isa = PBXBuildFile; fileRef = D2D26E86239D431A0071B47A /* UITextField.swift */; };
		D2D26E89239D44220071B47A /* HHPickerToolbarDelegate.swift in Sources */ = {isa = PBXBuildFile; fileRef = D2D26E88239D44220071B47A /* HHPickerToolbarDelegate.swift */; };
		D2D26E8B239D44530071B47A /* OfferFormViewDelegate.swift in Sources */ = {isa = PBXBuildFile; fileRef = D2D26E8A239D44530071B47A /* OfferFormViewDelegate.swift */; };
/* End PBXBuildFile section */

/* Begin PBXContainerItemProxy section */
		BB13DCEC2387F0970050B345 /* PBXContainerItemProxy */ = {
			isa = PBXContainerItemProxy;
			containerPortal = BB13DCCD2387F0930050B345 /* Project object */;
			proxyType = 1;
			remoteGlobalIDString = BB13DCD42387F0930050B345;
			remoteInfo = HerHack;
		};
		D23B7DB72388062000F92B1B /* PBXContainerItemProxy */ = {
			isa = PBXContainerItemProxy;
			containerPortal = BB13DCCD2387F0930050B345 /* Project object */;
			proxyType = 1;
			remoteGlobalIDString = BB13DCD42387F0930050B345;
			remoteInfo = HerHack;
		};
/* End PBXContainerItemProxy section */

/* Begin PBXFileReference section */
		0D31AE046479B7B2083D1DA7 /* libPods-HerHack.a */ = {isa = PBXFileReference; explicitFileType = archive.ar; includeInIndex = 0; path = "libPods-HerHack.a"; sourceTree = BUILT_PRODUCTS_DIR; };
		1BC05EF7239BC2D4003EA539 /* MapViewController.swift */ = {isa = PBXFileReference; lastKnownFileType = sourcecode.swift; path = MapViewController.swift; sourceTree = "<group>"; };
		1BC05EF9239BC3BA003EA539 /* Constants.swift */ = {isa = PBXFileReference; lastKnownFileType = sourcecode.swift; path = Constants.swift; sourceTree = "<group>"; };
		1BE85478239D21FA0094E944 /* OfferFormViewController.swift */ = {isa = PBXFileReference; lastKnownFileType = sourcecode.swift; path = OfferFormViewController.swift; sourceTree = "<group>"; };
		1BE8547A239D25BA0094E944 /* OfferFormView.swift */ = {isa = PBXFileReference; lastKnownFileType = sourcecode.swift; path = OfferFormView.swift; sourceTree = "<group>"; };
		1BE8547D239D32080094E944 /* HHPickerToolbar.swift */ = {isa = PBXFileReference; lastKnownFileType = sourcecode.swift; path = HHPickerToolbar.swift; sourceTree = "<group>"; };
		37E88A72404C8EBE23BBE649 /* Pods-HerHackTests.debug.xcconfig */ = {isa = PBXFileReference; includeInIndex = 1; lastKnownFileType = text.xcconfig; name = "Pods-HerHackTests.debug.xcconfig"; path = "Target Support Files/Pods-HerHackTests/Pods-HerHackTests.debug.xcconfig"; sourceTree = "<group>"; };
		41607AA64638F36FBAD1DA0E /* libPods-HerHackTests.a */ = {isa = PBXFileReference; explicitFileType = archive.ar; includeInIndex = 0; path = "libPods-HerHackTests.a"; sourceTree = BUILT_PRODUCTS_DIR; };
		492FD464239BFBA500573B1F /* User.swift */ = {isa = PBXFileReference; lastKnownFileType = sourcecode.swift; path = User.swift; sourceTree = "<group>"; };
		492FD466239BFBB200573B1F /* Location.swift */ = {isa = PBXFileReference; lastKnownFileType = sourcecode.swift; path = Location.swift; sourceTree = "<group>"; };
		492FD472239C30CF00573B1F /* FirestoreService.swift */ = {isa = PBXFileReference; lastKnownFileType = sourcecode.swift; path = FirestoreService.swift; sourceTree = "<group>"; };
		492FD4BE239E2DDE00573B1F /* HHTextField.swift */ = {isa = PBXFileReference; fileEncoding = 4; lastKnownFileType = sourcecode.swift; path = HHTextField.swift; sourceTree = "<group>"; };
		492FD4C0239E2E0100573B1F /* CarpoolUser.swift */ = {isa = PBXFileReference; fileEncoding = 4; lastKnownFileType = sourcecode.swift; path = CarpoolUser.swift; sourceTree = "<group>"; };
		492FD4C8239E708E00573B1F /* LoginFormViewController.swift */ = {isa = PBXFileReference; lastKnownFileType = sourcecode.swift; path = LoginFormViewController.swift; sourceTree = "<group>"; };
		492FD4CA239E709F00573B1F /* LoginFormView.swift */ = {isa = PBXFileReference; lastKnownFileType = sourcecode.swift; path = LoginFormView.swift; sourceTree = "<group>"; };
		492FD4CC239E727800573B1F /* LoginFormViewDelegate.swift */ = {isa = PBXFileReference; lastKnownFileType = sourcecode.swift; path = LoginFormViewDelegate.swift; sourceTree = "<group>"; };
		492FD4CE239E838E00573B1F /* HHTabbar.swift */ = {isa = PBXFileReference; lastKnownFileType = sourcecode.swift; path = HHTabbar.swift; sourceTree = "<group>"; };
		492FD4D4239F705000573B1F /* UserSetting.swift */ = {isa = PBXFileReference; lastKnownFileType = sourcecode.swift; path = UserSetting.swift; sourceTree = "<group>"; };
		492FD4D6239FAD6D00573B1F /* Codable.swift */ = {isa = PBXFileReference; lastKnownFileType = sourcecode.swift; path = Codable.swift; sourceTree = "<group>"; };
		492FD4E023A1564200573B1F /* HHFloatButton.swift */ = {isa = PBXFileReference; lastKnownFileType = sourcecode.swift; name = HHFloatButton.swift; path = HerHack/UI/Shared/HHFloatButton.swift; sourceTree = SOURCE_ROOT; };
		492FD4E223A1650300573B1F /* OfferForm.swift */ = {isa = PBXFileReference; lastKnownFileType = sourcecode.swift; path = OfferForm.swift; sourceTree = "<group>"; };
		492FD4E423A17E6800573B1F /* GoogleService.swift */ = {isa = PBXFileReference; lastKnownFileType = sourcecode.swift; path = GoogleService.swift; sourceTree = "<group>"; };
		492FD4E623A1824300573B1F /* Geolocation.swift */ = {isa = PBXFileReference; lastKnownFileType = sourcecode.swift; path = Geolocation.swift; sourceTree = "<group>"; };
		492FD4E823A18DFB00573B1F /* GoogleResponse.swift */ = {isa = PBXFileReference; lastKnownFileType = sourcecode.swift; path = GoogleResponse.swift; sourceTree = "<group>"; };
		49572BD723A3FC8200A3C32A /* PipelineData.swift */ = {isa = PBXFileReference; lastKnownFileType = sourcecode.swift; path = PipelineData.swift; sourceTree = "<group>"; };
		4974F99123A321CD00F1BA4E /* PollFormViewController.swift */ = {isa = PBXFileReference; lastKnownFileType = sourcecode.swift; path = PollFormViewController.swift; sourceTree = "<group>"; };
		4974F99623A32BA700F1BA4E /* PollFormView.swift */ = {isa = PBXFileReference; lastKnownFileType = sourcecode.swift; path = PollFormView.swift; sourceTree = "<group>"; };
		4974F99823A32F2C00F1BA4E /* PollFormViewDelegate.swift */ = {isa = PBXFileReference; lastKnownFileType = sourcecode.swift; path = PollFormViewDelegate.swift; sourceTree = "<group>"; };
		4974F99A23A331E900F1BA4E /* CommentForm.swift */ = {isa = PBXFileReference; lastKnownFileType = sourcecode.swift; path = CommentForm.swift; sourceTree = "<group>"; };
		4974F99C23A3632E00F1BA4E /* CarpooListCellDelegate.swift */ = {isa = PBXFileReference; lastKnownFileType = sourcecode.swift; path = CarpooListCellDelegate.swift; sourceTree = "<group>"; };
		70828AFA5757239AB5A5B262 /* Pods-HerHack.release.xcconfig */ = {isa = PBXFileReference; includeInIndex = 1; lastKnownFileType = text.xcconfig; name = "Pods-HerHack.release.xcconfig"; path = "Target Support Files/Pods-HerHack/Pods-HerHack.release.xcconfig"; sourceTree = "<group>"; };
		A2AF7E7584F0ABA1A3C7C3BB /* Pods-HerHackTests.release.xcconfig */ = {isa = PBXFileReference; includeInIndex = 1; lastKnownFileType = text.xcconfig; name = "Pods-HerHackTests.release.xcconfig"; path = "Target Support Files/Pods-HerHackTests/Pods-HerHackTests.release.xcconfig"; sourceTree = "<group>"; };
		A94F279E521E12B41CA23404 /* Pods-HerHackUITests.debug.xcconfig */ = {isa = PBXFileReference; includeInIndex = 1; lastKnownFileType = text.xcconfig; name = "Pods-HerHackUITests.debug.xcconfig"; path = "Target Support Files/Pods-HerHackUITests/Pods-HerHackUITests.debug.xcconfig"; sourceTree = "<group>"; };
		BB13DCD52387F0930050B345 /* HerHack.app */ = {isa = PBXFileReference; explicitFileType = wrapper.application; includeInIndex = 0; path = HerHack.app; sourceTree = BUILT_PRODUCTS_DIR; };
		BB13DCD82387F0930050B345 /* AppDelegate.swift */ = {isa = PBXFileReference; lastKnownFileType = sourcecode.swift; path = AppDelegate.swift; sourceTree = "<group>"; };
		BB13DCDA2387F0930050B345 /* SceneDelegate.swift */ = {isa = PBXFileReference; lastKnownFileType = sourcecode.swift; path = SceneDelegate.swift; sourceTree = "<group>"; };
		BB13DCDC2387F0930050B345 /* CarpoolListViewContoller.swift */ = {isa = PBXFileReference; lastKnownFileType = sourcecode.swift; path = CarpoolListViewContoller.swift; sourceTree = "<group>"; };
		BB13DCE12387F0970050B345 /* Assets.xcassets */ = {isa = PBXFileReference; lastKnownFileType = folder.assetcatalog; path = Assets.xcassets; sourceTree = "<group>"; };
		BB13DCE42387F0970050B345 /* Base */ = {isa = PBXFileReference; lastKnownFileType = file.storyboard; name = Base; path = Base.lproj/LaunchScreen.storyboard; sourceTree = "<group>"; };
		BB13DCE62387F0970050B345 /* Info.plist */ = {isa = PBXFileReference; lastKnownFileType = text.plist.xml; path = Info.plist; sourceTree = "<group>"; };
		BB13DCEB2387F0970050B345 /* HerHackTests.xctest */ = {isa = PBXFileReference; explicitFileType = wrapper.cfbundle; includeInIndex = 0; path = HerHackTests.xctest; sourceTree = BUILT_PRODUCTS_DIR; };
		BB13DCEF2387F0970050B345 /* HerHackTests.swift */ = {isa = PBXFileReference; lastKnownFileType = sourcecode.swift; path = HerHackTests.swift; sourceTree = "<group>"; };
		BB13DCF12387F0970050B345 /* Info.plist */ = {isa = PBXFileReference; lastKnownFileType = text.plist.xml; path = Info.plist; sourceTree = "<group>"; };
		D23B7DB22388062000F92B1B /* HerHackUITests.xctest */ = {isa = PBXFileReference; explicitFileType = wrapper.cfbundle; includeInIndex = 0; path = HerHackUITests.xctest; sourceTree = BUILT_PRODUCTS_DIR; };
		D23B7DB42388062000F92B1B /* HerHackUITests.swift */ = {isa = PBXFileReference; lastKnownFileType = sourcecode.swift; path = HerHackUITests.swift; sourceTree = "<group>"; };
		D23B7DB62388062000F92B1B /* Info.plist */ = {isa = PBXFileReference; lastKnownFileType = text.plist.xml; path = Info.plist; sourceTree = "<group>"; };
		D249527B239C0C2C009382F2 /* Date.swift */ = {isa = PBXFileReference; lastKnownFileType = sourcecode.swift; path = Date.swift; sourceTree = "<group>"; };
		D26E07B6239A3FF400C028BF /* Carpool.swift */ = {isa = PBXFileReference; lastKnownFileType = sourcecode.swift; path = Carpool.swift; sourceTree = "<group>"; };
		D26E07B9239A41E100C028BF /* CarpoolListCell.swift */ = {isa = PBXFileReference; lastKnownFileType = sourcecode.swift; path = CarpoolListCell.swift; sourceTree = "<group>"; };
		D2C1277D239C102D00D308C0 /* GoogleService-Info.plist */ = {isa = PBXFileReference; fileEncoding = 4; lastKnownFileType = text.plist.xml; path = "GoogleService-Info.plist"; sourceTree = "<group>"; };
		D2D26E7D239CC8FD0071B47A /* CarpoolList.swift */ = {isa = PBXFileReference; lastKnownFileType = sourcecode.swift; path = CarpoolList.swift; sourceTree = "<group>"; };
		D2D26E81239CCD310071B47A /* DataRefreashable.swift */ = {isa = PBXFileReference; lastKnownFileType = sourcecode.swift; path = DataRefreashable.swift; sourceTree = "<group>"; };
		D2D26E84239CCD690071B47A /* HHTextFieldDelegate.swift */ = {isa = PBXFileReference; lastKnownFileType = sourcecode.swift; path = HHTextFieldDelegate.swift; sourceTree = "<group>"; };
		D2D26E86239D431A0071B47A /* UITextField.swift */ = {isa = PBXFileReference; lastKnownFileType = sourcecode.swift; path = UITextField.swift; sourceTree = "<group>"; };
		D2D26E88239D44220071B47A /* HHPickerToolbarDelegate.swift */ = {isa = PBXFileReference; lastKnownFileType = sourcecode.swift; path = HHPickerToolbarDelegate.swift; sourceTree = "<group>"; };
		D2D26E8A239D44530071B47A /* OfferFormViewDelegate.swift */ = {isa = PBXFileReference; lastKnownFileType = sourcecode.swift; path = OfferFormViewDelegate.swift; sourceTree = "<group>"; };
		F5EC1AAE816622E71B008220 /* Pods-HerHackUITests.release.xcconfig */ = {isa = PBXFileReference; includeInIndex = 1; lastKnownFileType = text.xcconfig; name = "Pods-HerHackUITests.release.xcconfig"; path = "Target Support Files/Pods-HerHackUITests/Pods-HerHackUITests.release.xcconfig"; sourceTree = "<group>"; };
		FD6FEAA1C42707D0E4C96624 /* libPods-HerHackUITests.a */ = {isa = PBXFileReference; explicitFileType = archive.ar; includeInIndex = 0; path = "libPods-HerHackUITests.a"; sourceTree = BUILT_PRODUCTS_DIR; };
		FF64FC2DCAE2583B1EDCF19F /* Pods-HerHack.debug.xcconfig */ = {isa = PBXFileReference; includeInIndex = 1; lastKnownFileType = text.xcconfig; name = "Pods-HerHack.debug.xcconfig"; path = "Target Support Files/Pods-HerHack/Pods-HerHack.debug.xcconfig"; sourceTree = "<group>"; };
/* End PBXFileReference section */

/* Begin PBXFrameworksBuildPhase section */
		BB13DCD22387F0930050B345 /* Frameworks */ = {
			isa = PBXFrameworksBuildPhase;
			buildActionMask = 2147483647;
			files = (
				C263D41A48E99D5448B8C3AE /* libPods-HerHack.a in Frameworks */,
			);
			runOnlyForDeploymentPostprocessing = 0;
		};
		BB13DCE82387F0970050B345 /* Frameworks */ = {
			isa = PBXFrameworksBuildPhase;
			buildActionMask = 2147483647;
			files = (
				688C3A60C062137A14F73077 /* libPods-HerHackTests.a in Frameworks */,
			);
			runOnlyForDeploymentPostprocessing = 0;
		};
		D23B7DAF2388062000F92B1B /* Frameworks */ = {
			isa = PBXFrameworksBuildPhase;
			buildActionMask = 2147483647;
			files = (
				BA74DE1071FF8539B270ACBC /* libPods-HerHackUITests.a in Frameworks */,
			);
			runOnlyForDeploymentPostprocessing = 0;
		};
/* End PBXFrameworksBuildPhase section */

/* Begin PBXGroup section */
		1BC05EF6239BC219003EA539 /* Map */ = {
			isa = PBXGroup;
			children = (
				1BC05EF7239BC2D4003EA539 /* MapViewController.swift */,
			);
			path = Map;
			sourceTree = "<group>";
		};
		1BC05F00239BCF37003EA539 /* UI */ = {
			isa = PBXGroup;
			children = (
				492FD4C7239E706500573B1F /* LoginForm */,
				1BE8547C239D31BD0094E944 /* Shared */,
				1BE85477239D21E40094E944 /* OfferForm */,
				D26E07BB239A41F800C028BF /* Carpool */,
				1BC05EF6239BC219003EA539 /* Map */,
				4974F99323A321D300F1BA4E /* PollForm */,
			);
			path = UI;
			sourceTree = "<group>";
		};
		1BE85477239D21E40094E944 /* OfferForm */ = {
			isa = PBXGroup;
			children = (
				1BE85478239D21FA0094E944 /* OfferFormViewController.swift */,
				1BE8547A239D25BA0094E944 /* OfferFormView.swift */,
			);
			path = OfferForm;
			sourceTree = "<group>";
		};
		1BE8547C239D31BD0094E944 /* Shared */ = {
			isa = PBXGroup;
			children = (
				492FD4BE239E2DDE00573B1F /* HHTextField.swift */,
				1BE8547D239D32080094E944 /* HHPickerToolbar.swift */,
				492FD4CE239E838E00573B1F /* HHTabbar.swift */,
				492FD4E023A1564200573B1F /* HHFloatButton.swift */,
			);
			path = Shared;
			sourceTree = "<group>";
		};
		41B2CF30EF7B56A540C98C0B /* Pods */ = {
			isa = PBXGroup;
			children = (
				FF64FC2DCAE2583B1EDCF19F /* Pods-HerHack.debug.xcconfig */,
				70828AFA5757239AB5A5B262 /* Pods-HerHack.release.xcconfig */,
				37E88A72404C8EBE23BBE649 /* Pods-HerHackTests.debug.xcconfig */,
				A2AF7E7584F0ABA1A3C7C3BB /* Pods-HerHackTests.release.xcconfig */,
				A94F279E521E12B41CA23404 /* Pods-HerHackUITests.debug.xcconfig */,
				F5EC1AAE816622E71B008220 /* Pods-HerHackUITests.release.xcconfig */,
			);
			path = Pods;
			sourceTree = "<group>";
		};
		492FD4C7239E706500573B1F /* LoginForm */ = {
			isa = PBXGroup;
			children = (
				492FD4C8239E708E00573B1F /* LoginFormViewController.swift */,
				492FD4CA239E709F00573B1F /* LoginFormView.swift */,
			);
			path = LoginForm;
			sourceTree = "<group>";
		};
		4974F99323A321D300F1BA4E /* PollForm */ = {
			isa = PBXGroup;
			children = (
				4974F99123A321CD00F1BA4E /* PollFormViewController.swift */,
				4974F99623A32BA700F1BA4E /* PollFormView.swift */,
			);
			path = PollForm;
			sourceTree = "<group>";
		};
		9717F7CDE53109968AEF5F75 /* Frameworks */ = {
			isa = PBXGroup;
			children = (
				0D31AE046479B7B2083D1DA7 /* libPods-HerHack.a */,
				41607AA64638F36FBAD1DA0E /* libPods-HerHackTests.a */,
				FD6FEAA1C42707D0E4C96624 /* libPods-HerHackUITests.a */,
			);
			name = Frameworks;
			sourceTree = "<group>";
		};
		BB13DCCC2387F0930050B345 = {
			isa = PBXGroup;
			children = (
				BB13DCD72387F0930050B345 /* HerHack */,
				BB13DCEE2387F0970050B345 /* HerHackTests */,
				D23B7DB32388062000F92B1B /* HerHackUITests */,
				BB13DCD62387F0930050B345 /* Products */,
				41B2CF30EF7B56A540C98C0B /* Pods */,
				9717F7CDE53109968AEF5F75 /* Frameworks */,
			);
			sourceTree = "<group>";
		};
		BB13DCD62387F0930050B345 /* Products */ = {
			isa = PBXGroup;
			children = (
				BB13DCD52387F0930050B345 /* HerHack.app */,
				BB13DCEB2387F0970050B345 /* HerHackTests.xctest */,
				D23B7DB22388062000F92B1B /* HerHackUITests.xctest */,
			);
			name = Products;
			sourceTree = "<group>";
		};
		BB13DCD72387F0930050B345 /* HerHack */ = {
			isa = PBXGroup;
			children = (
				BB13DCD82387F0930050B345 /* AppDelegate.swift */,
				492FD4D4239F705000573B1F /* UserSetting.swift */,
				BB13DCDA2387F0930050B345 /* SceneDelegate.swift */,
				1BC05EF9239BC3BA003EA539 /* Constants.swift */,
				D2C1277F239CC49400D308C0 /* API */,
				1BC05F00239BCF37003EA539 /* UI */,
				D26E07B8239A3FF800C028BF /* Model */,
				D2D26E83239CCD490071B47A /* Protocol */,
				D249527D239C0C6D009382F2 /* Extensions */,
				BB13DCE12387F0970050B345 /* Assets.xcassets */,
				BB13DCE32387F0970050B345 /* LaunchScreen.storyboard */,
				BB13DCE62387F0970050B345 /* Info.plist */,
				D2C1277D239C102D00D308C0 /* GoogleService-Info.plist */,
			);
			path = HerHack;
			sourceTree = "<group>";
		};
		BB13DCEE2387F0970050B345 /* HerHackTests */ = {
			isa = PBXGroup;
			children = (
				BB13DCEF2387F0970050B345 /* HerHackTests.swift */,
				BB13DCF12387F0970050B345 /* Info.plist */,
			);
			path = HerHackTests;
			sourceTree = "<group>";
		};
		D23B7DB32388062000F92B1B /* HerHackUITests */ = {
			isa = PBXGroup;
			children = (
				D23B7DB42388062000F92B1B /* HerHackUITests.swift */,
				D23B7DB62388062000F92B1B /* Info.plist */,
			);
			path = HerHackUITests;
			sourceTree = "<group>";
		};
		D249527D239C0C6D009382F2 /* Extensions */ = {
			isa = PBXGroup;
			children = (
				D249527B239C0C2C009382F2 /* Date.swift */,
				D2D26E86239D431A0071B47A /* UITextField.swift */,
				492FD4D6239FAD6D00573B1F /* Codable.swift */,
				492FD4E623A1824300573B1F /* Geolocation.swift */,
			);
			path = Extensions;
			sourceTree = "<group>";
		};
		D26E07B8239A3FF800C028BF /* Model */ = {
			isa = PBXGroup;
			children = (
				D2D26E7C239CC8E70071B47A /* Data Model */,
				D2D26E7F239CC9440071B47A /* View Model */,
			);
			path = Model;
			sourceTree = "<group>";
		};
		D26E07BB239A41F800C028BF /* Carpool */ = {
			isa = PBXGroup;
			children = (
				BB13DCDC2387F0930050B345 /* CarpoolListViewContoller.swift */,
				D26E07B9239A41E100C028BF /* CarpoolListCell.swift */,
			);
			path = Carpool;
			sourceTree = "<group>";
		};
		D2C1277F239CC49400D308C0 /* API */ = {
			isa = PBXGroup;
			children = (
				492FD472239C30CF00573B1F /* FirestoreService.swift */,
				492FD4E423A17E6800573B1F /* GoogleService.swift */,
			);
			path = API;
			sourceTree = "<group>";
		};
		D2D26E7C239CC8E70071B47A /* Data Model */ = {
			isa = PBXGroup;
			children = (
				D26E07B6239A3FF400C028BF /* Carpool.swift */,
				492FD4C0239E2E0100573B1F /* CarpoolUser.swift */,
				492FD464239BFBA500573B1F /* User.swift */,
				492FD466239BFBB200573B1F /* Location.swift */,
				492FD4E223A1650300573B1F /* OfferForm.swift */,
				4974F99A23A331E900F1BA4E /* CommentForm.swift */,
				492FD4E823A18DFB00573B1F /* GoogleResponse.swift */,
				49572BD723A3FC8200A3C32A /* PipelineData.swift */,
			);
			path = "Data Model";
			sourceTree = "<group>";
		};
		D2D26E7F239CC9440071B47A /* View Model */ = {
			isa = PBXGroup;
			children = (
				D2D26E7D239CC8FD0071B47A /* CarpoolList.swift */,
			);
			path = "View Model";
			sourceTree = "<group>";
		};
		D2D26E83239CCD490071B47A /* Protocol */ = {
			isa = PBXGroup;
			children = (
				D2D26E81239CCD310071B47A /* DataRefreashable.swift */,
				D2D26E84239CCD690071B47A /* HHTextFieldDelegate.swift */,
				D2D26E88239D44220071B47A /* HHPickerToolbarDelegate.swift */,
				D2D26E8A239D44530071B47A /* OfferFormViewDelegate.swift */,
				492FD4CC239E727800573B1F /* LoginFormViewDelegate.swift */,
				4974F99823A32F2C00F1BA4E /* PollFormViewDelegate.swift */,
				4974F99C23A3632E00F1BA4E /* CarpooListCellDelegate.swift */,
			);
			path = Protocol;
			sourceTree = "<group>";
		};
/* End PBXGroup section */

/* Begin PBXNativeTarget section */
		BB13DCD42387F0930050B345 /* HerHack */ = {
			isa = PBXNativeTarget;
			buildConfigurationList = BB13DCF42387F0970050B345 /* Build configuration list for PBXNativeTarget "HerHack" */;
			buildPhases = (
				2913A989AF0700409DC40F26 /* [CP] Check Pods Manifest.lock */,
				BB13DCD12387F0930050B345 /* Sources */,
				BB13DCD22387F0930050B345 /* Frameworks */,
				BB13DCD32387F0930050B345 /* Resources */,
				C2DA954EC4146CA5D58407F1 /* [CP] Copy Pods Resources */,
			);
			buildRules = (
			);
			dependencies = (
			);
			name = HerHack;
			productName = HerHack;
			productReference = BB13DCD52387F0930050B345 /* HerHack.app */;
			productType = "com.apple.product-type.application";
		};
		BB13DCEA2387F0970050B345 /* HerHackTests */ = {
			isa = PBXNativeTarget;
			buildConfigurationList = BB13DCF72387F0970050B345 /* Build configuration list for PBXNativeTarget "HerHackTests" */;
			buildPhases = (
				B974A6B7700474ABD68C3D35 /* [CP] Check Pods Manifest.lock */,
				BB13DCE72387F0970050B345 /* Sources */,
				BB13DCE82387F0970050B345 /* Frameworks */,
				BB13DCE92387F0970050B345 /* Resources */,
			);
			buildRules = (
			);
			dependencies = (
				BB13DCED2387F0970050B345 /* PBXTargetDependency */,
			);
			name = HerHackTests;
			productName = HerHackTests;
			productReference = BB13DCEB2387F0970050B345 /* HerHackTests.xctest */;
			productType = "com.apple.product-type.bundle.unit-test";
		};
		D23B7DB12388062000F92B1B /* HerHackUITests */ = {
			isa = PBXNativeTarget;
			buildConfigurationList = D23B7DB92388062000F92B1B /* Build configuration list for PBXNativeTarget "HerHackUITests" */;
			buildPhases = (
				1ECF75141636945B4436B4B3 /* [CP] Check Pods Manifest.lock */,
				D23B7DAE2388062000F92B1B /* Sources */,
				D23B7DAF2388062000F92B1B /* Frameworks */,
				D23B7DB02388062000F92B1B /* Resources */,
			);
			buildRules = (
			);
			dependencies = (
				D23B7DB82388062000F92B1B /* PBXTargetDependency */,
			);
			name = HerHackUITests;
			productName = HerHackUITests;
			productReference = D23B7DB22388062000F92B1B /* HerHackUITests.xctest */;
			productType = "com.apple.product-type.bundle.ui-testing";
		};
/* End PBXNativeTarget section */

/* Begin PBXProject section */
		BB13DCCD2387F0930050B345 /* Project object */ = {
			isa = PBXProject;
			attributes = {
				LastSwiftUpdateCheck = 1110;
				LastUpgradeCheck = 1120;
				ORGANIZATIONNAME = pdni;
				TargetAttributes = {
					BB13DCD42387F0930050B345 = {
						CreatedOnToolsVersion = 11.2.1;
					};
					BB13DCEA2387F0970050B345 = {
						CreatedOnToolsVersion = 11.2.1;
						TestTargetID = BB13DCD42387F0930050B345;
					};
					D23B7DB12388062000F92B1B = {
						CreatedOnToolsVersion = 11.1;
						TestTargetID = BB13DCD42387F0930050B345;
					};
				};
			};
			buildConfigurationList = BB13DCD02387F0930050B345 /* Build configuration list for PBXProject "HerHack" */;
			compatibilityVersion = "Xcode 9.3";
			developmentRegion = en;
			hasScannedForEncodings = 0;
			knownRegions = (
				en,
				Base,
			);
			mainGroup = BB13DCCC2387F0930050B345;
			productRefGroup = BB13DCD62387F0930050B345 /* Products */;
			projectDirPath = "";
			projectRoot = "";
			targets = (
				BB13DCD42387F0930050B345 /* HerHack */,
				BB13DCEA2387F0970050B345 /* HerHackTests */,
				D23B7DB12388062000F92B1B /* HerHackUITests */,
			);
		};
/* End PBXProject section */

/* Begin PBXResourcesBuildPhase section */
		BB13DCD32387F0930050B345 /* Resources */ = {
			isa = PBXResourcesBuildPhase;
			buildActionMask = 2147483647;
			files = (
				BB7169C12389459200C34C5F /* Assets.xcassets in Resources */,
				D2C1277E239C102D00D308C0 /* GoogleService-Info.plist in Resources */,
			);
			runOnlyForDeploymentPostprocessing = 0;
		};
		BB13DCE92387F0970050B345 /* Resources */ = {
			isa = PBXResourcesBuildPhase;
			buildActionMask = 2147483647;
			files = (
			);
			runOnlyForDeploymentPostprocessing = 0;
		};
		D23B7DB02388062000F92B1B /* Resources */ = {
			isa = PBXResourcesBuildPhase;
			buildActionMask = 2147483647;
			files = (
			);
			runOnlyForDeploymentPostprocessing = 0;
		};
/* End PBXResourcesBuildPhase section */

/* Begin PBXShellScriptBuildPhase section */
		1ECF75141636945B4436B4B3 /* [CP] Check Pods Manifest.lock */ = {
			isa = PBXShellScriptBuildPhase;
			buildActionMask = 2147483647;
			files = (
			);
			inputFileListPaths = (
			);
			inputPaths = (
				"${PODS_PODFILE_DIR_PATH}/Podfile.lock",
				"${PODS_ROOT}/Manifest.lock",
			);
			name = "[CP] Check Pods Manifest.lock";
			outputFileListPaths = (
			);
			outputPaths = (
				"$(DERIVED_FILE_DIR)/Pods-HerHackUITests-checkManifestLockResult.txt",
			);
			runOnlyForDeploymentPostprocessing = 0;
			shellPath = /bin/sh;
			shellScript = "diff \"${PODS_PODFILE_DIR_PATH}/Podfile.lock\" \"${PODS_ROOT}/Manifest.lock\" > /dev/null\nif [ $? != 0 ] ; then\n    # print error to STDERR\n    echo \"error: The sandbox is not in sync with the Podfile.lock. Run 'pod install' or update your CocoaPods installation.\" >&2\n    exit 1\nfi\n# This output is used by Xcode 'outputs' to avoid re-running this script phase.\necho \"SUCCESS\" > \"${SCRIPT_OUTPUT_FILE_0}\"\n";
			showEnvVarsInLog = 0;
		};
		2913A989AF0700409DC40F26 /* [CP] Check Pods Manifest.lock */ = {
			isa = PBXShellScriptBuildPhase;
			buildActionMask = 2147483647;
			files = (
			);
			inputFileListPaths = (
			);
			inputPaths = (
				"${PODS_PODFILE_DIR_PATH}/Podfile.lock",
				"${PODS_ROOT}/Manifest.lock",
			);
			name = "[CP] Check Pods Manifest.lock";
			outputFileListPaths = (
			);
			outputPaths = (
				"$(DERIVED_FILE_DIR)/Pods-HerHack-checkManifestLockResult.txt",
			);
			runOnlyForDeploymentPostprocessing = 0;
			shellPath = /bin/sh;
			shellScript = "diff \"${PODS_PODFILE_DIR_PATH}/Podfile.lock\" \"${PODS_ROOT}/Manifest.lock\" > /dev/null\nif [ $? != 0 ] ; then\n    # print error to STDERR\n    echo \"error: The sandbox is not in sync with the Podfile.lock. Run 'pod install' or update your CocoaPods installation.\" >&2\n    exit 1\nfi\n# This output is used by Xcode 'outputs' to avoid re-running this script phase.\necho \"SUCCESS\" > \"${SCRIPT_OUTPUT_FILE_0}\"\n";
			showEnvVarsInLog = 0;
		};
		B974A6B7700474ABD68C3D35 /* [CP] Check Pods Manifest.lock */ = {
			isa = PBXShellScriptBuildPhase;
			buildActionMask = 2147483647;
			files = (
			);
			inputFileListPaths = (
			);
			inputPaths = (
				"${PODS_PODFILE_DIR_PATH}/Podfile.lock",
				"${PODS_ROOT}/Manifest.lock",
			);
			name = "[CP] Check Pods Manifest.lock";
			outputFileListPaths = (
			);
			outputPaths = (
				"$(DERIVED_FILE_DIR)/Pods-HerHackTests-checkManifestLockResult.txt",
			);
			runOnlyForDeploymentPostprocessing = 0;
			shellPath = /bin/sh;
			shellScript = "diff \"${PODS_PODFILE_DIR_PATH}/Podfile.lock\" \"${PODS_ROOT}/Manifest.lock\" > /dev/null\nif [ $? != 0 ] ; then\n    # print error to STDERR\n    echo \"error: The sandbox is not in sync with the Podfile.lock. Run 'pod install' or update your CocoaPods installation.\" >&2\n    exit 1\nfi\n# This output is used by Xcode 'outputs' to avoid re-running this script phase.\necho \"SUCCESS\" > \"${SCRIPT_OUTPUT_FILE_0}\"\n";
			showEnvVarsInLog = 0;
		};
		C2DA954EC4146CA5D58407F1 /* [CP] Copy Pods Resources */ = {
			isa = PBXShellScriptBuildPhase;
			buildActionMask = 2147483647;
			files = (
			);
			inputFileListPaths = (
				"${PODS_ROOT}/Target Support Files/Pods-HerHack/Pods-HerHack-resources-${CONFIGURATION}-input-files.xcfilelist",
			);
			name = "[CP] Copy Pods Resources";
			outputFileListPaths = (
				"${PODS_ROOT}/Target Support Files/Pods-HerHack/Pods-HerHack-resources-${CONFIGURATION}-output-files.xcfilelist",
			);
			runOnlyForDeploymentPostprocessing = 0;
			shellPath = /bin/sh;
			shellScript = "\"${PODS_ROOT}/Target Support Files/Pods-HerHack/Pods-HerHack-resources.sh\"\n";
			showEnvVarsInLog = 0;
		};
/* End PBXShellScriptBuildPhase section */

/* Begin PBXSourcesBuildPhase section */
		BB13DCD12387F0930050B345 /* Sources */ = {
			isa = PBXSourcesBuildPhase;
			buildActionMask = 2147483647;
			files = (
				4974F99D23A3632E00F1BA4E /* CarpooListCellDelegate.swift in Sources */,
				492FD4E723A1824300573B1F /* Geolocation.swift in Sources */,
				1BE8547B239D25BA0094E944 /* OfferFormView.swift in Sources */,
				BB13DCDD2387F0930050B345 /* CarpoolListViewContoller.swift in Sources */,
				BB13DCD92387F0930050B345 /* AppDelegate.swift in Sources */,
				492FD473239C30CF00573B1F /* FirestoreService.swift in Sources */,
				D2D26E82239CCD310071B47A /* DataRefreashable.swift in Sources */,
				D26E07BA239A41E100C028BF /* CarpoolListCell.swift in Sources */,
				D2D26E8B239D44530071B47A /* OfferFormViewDelegate.swift in Sources */,
				492FD4BF239E2DDF00573B1F /* HHTextField.swift in Sources */,
				492FD4E923A18DFB00573B1F /* GoogleResponse.swift in Sources */,
				D26E07B7239A3FF400C028BF /* Carpool.swift in Sources */,
				BB13DCDB2387F0930050B345 /* SceneDelegate.swift in Sources */,
				1BE85479239D21FA0094E944 /* OfferFormViewController.swift in Sources */,
				492FD4E323A1650300573B1F /* OfferForm.swift in Sources */,
				492FD4C9239E708F00573B1F /* LoginFormViewController.swift in Sources */,
				4974F99723A32BA700F1BA4E /* PollFormView.swift in Sources */,
				1BC05EF8239BC2D4003EA539 /* MapViewController.swift in Sources */,
				D2D26E87239D431A0071B47A /* UITextField.swift in Sources */,
				492FD4E523A17E6800573B1F /* GoogleService.swift in Sources */,
				492FD4CF239E838E00573B1F /* HHTabbar.swift in Sources */,
				D2D26E89239D44220071B47A /* HHPickerToolbarDelegate.swift in Sources */,
				492FD4D5239F705000573B1F /* UserSetting.swift in Sources */,
				4974F99B23A331E900F1BA4E /* CommentForm.swift in Sources */,
				4974F99923A32F2C00F1BA4E /* PollFormViewDelegate.swift in Sources */,
				D249527C239C0C2C009382F2 /* Date.swift in Sources */,
				4974F99223A321CD00F1BA4E /* PollFormViewController.swift in Sources */,
				1BC05EFA239BC3BA003EA539 /* Constants.swift in Sources */,
				D2D26E7E239CC8FD0071B47A /* CarpoolList.swift in Sources */,
				49572BD823A3FC8200A3C32A /* PipelineData.swift in Sources */,
				492FD467239BFBB200573B1F /* Location.swift in Sources */,
				492FD4D7239FAD6D00573B1F /* Codable.swift in Sources */,
				1BE8547E239D32080094E944 /* HHPickerToolbar.swift in Sources */,
				492FD4E123A1564200573B1F /* HHFloatButton.swift in Sources */,
				492FD465239BFBA500573B1F /* User.swift in Sources */,
				492FD4CB239E709F00573B1F /* LoginFormView.swift in Sources */,
				492FD4CD239E727800573B1F /* LoginFormViewDelegate.swift in Sources */,
				D2D26E85239CCD690071B47A /* HHTextFieldDelegate.swift in Sources */,
				492FD4C1239E2E0200573B1F /* CarpoolUser.swift in Sources */,
			);
			runOnlyForDeploymentPostprocessing = 0;
		};
		BB13DCE72387F0970050B345 /* Sources */ = {
			isa = PBXSourcesBuildPhase;
			buildActionMask = 2147483647;
			files = (
				BB13DCF02387F0970050B345 /* HerHackTests.swift in Sources */,
			);
			runOnlyForDeploymentPostprocessing = 0;
		};
		D23B7DAE2388062000F92B1B /* Sources */ = {
			isa = PBXSourcesBuildPhase;
			buildActionMask = 2147483647;
			files = (
				D23B7DB52388062000F92B1B /* HerHackUITests.swift in Sources */,
			);
			runOnlyForDeploymentPostprocessing = 0;
		};
/* End PBXSourcesBuildPhase section */

/* Begin PBXTargetDependency section */
		BB13DCED2387F0970050B345 /* PBXTargetDependency */ = {
			isa = PBXTargetDependency;
			target = BB13DCD42387F0930050B345 /* HerHack */;
			targetProxy = BB13DCEC2387F0970050B345 /* PBXContainerItemProxy */;
		};
		D23B7DB82388062000F92B1B /* PBXTargetDependency */ = {
			isa = PBXTargetDependency;
			target = BB13DCD42387F0930050B345 /* HerHack */;
			targetProxy = D23B7DB72388062000F92B1B /* PBXContainerItemProxy */;
		};
/* End PBXTargetDependency section */

/* Begin PBXVariantGroup section */
		BB13DCE32387F0970050B345 /* LaunchScreen.storyboard */ = {
			isa = PBXVariantGroup;
			children = (
				BB13DCE42387F0970050B345 /* Base */,
			);
			name = LaunchScreen.storyboard;
			sourceTree = "<group>";
		};
/* End PBXVariantGroup section */

/* Begin XCBuildConfiguration section */
		BB13DCF22387F0970050B345 /* Debug */ = {
			isa = XCBuildConfiguration;
			buildSettings = {
				ALWAYS_SEARCH_USER_PATHS = NO;
				CLANG_ANALYZER_NONNULL = YES;
				CLANG_ANALYZER_NUMBER_OBJECT_CONVERSION = YES_AGGRESSIVE;
				CLANG_CXX_LANGUAGE_STANDARD = "gnu++14";
				CLANG_CXX_LIBRARY = "libc++";
				CLANG_ENABLE_MODULES = YES;
				CLANG_ENABLE_OBJC_ARC = YES;
				CLANG_ENABLE_OBJC_WEAK = YES;
				CLANG_WARN_BLOCK_CAPTURE_AUTORELEASING = YES;
				CLANG_WARN_BOOL_CONVERSION = YES;
				CLANG_WARN_COMMA = YES;
				CLANG_WARN_CONSTANT_CONVERSION = YES;
				CLANG_WARN_DEPRECATED_OBJC_IMPLEMENTATIONS = YES;
				CLANG_WARN_DIRECT_OBJC_ISA_USAGE = YES_ERROR;
				CLANG_WARN_DOCUMENTATION_COMMENTS = YES;
				CLANG_WARN_EMPTY_BODY = YES;
				CLANG_WARN_ENUM_CONVERSION = YES;
				CLANG_WARN_INFINITE_RECURSION = YES;
				CLANG_WARN_INT_CONVERSION = YES;
				CLANG_WARN_NON_LITERAL_NULL_CONVERSION = YES;
				CLANG_WARN_OBJC_IMPLICIT_RETAIN_SELF = YES;
				CLANG_WARN_OBJC_LITERAL_CONVERSION = YES;
				CLANG_WARN_OBJC_ROOT_CLASS = YES_ERROR;
				CLANG_WARN_RANGE_LOOP_ANALYSIS = YES;
				CLANG_WARN_STRICT_PROTOTYPES = YES;
				CLANG_WARN_SUSPICIOUS_MOVE = YES;
				CLANG_WARN_UNGUARDED_AVAILABILITY = YES_AGGRESSIVE;
				CLANG_WARN_UNREACHABLE_CODE = YES;
				CLANG_WARN__DUPLICATE_METHOD_MATCH = YES;
				COPY_PHASE_STRIP = NO;
				DEBUG_INFORMATION_FORMAT = dwarf;
				ENABLE_STRICT_OBJC_MSGSEND = YES;
				ENABLE_TESTABILITY = YES;
				GCC_C_LANGUAGE_STANDARD = gnu11;
				GCC_DYNAMIC_NO_PIC = NO;
				GCC_NO_COMMON_BLOCKS = YES;
				GCC_OPTIMIZATION_LEVEL = 0;
				GCC_PREPROCESSOR_DEFINITIONS = (
					"DEBUG=1",
					"$(inherited)",
				);
				GCC_WARN_64_TO_32_BIT_CONVERSION = YES;
				GCC_WARN_ABOUT_RETURN_TYPE = YES_ERROR;
				GCC_WARN_UNDECLARED_SELECTOR = YES;
				GCC_WARN_UNINITIALIZED_AUTOS = YES_AGGRESSIVE;
				GCC_WARN_UNUSED_FUNCTION = YES;
				GCC_WARN_UNUSED_VARIABLE = YES;
				IPHONEOS_DEPLOYMENT_TARGET = 13.1;
				MTL_ENABLE_DEBUG_INFO = INCLUDE_SOURCE;
				MTL_FAST_MATH = YES;
				ONLY_ACTIVE_ARCH = YES;
				SDKROOT = iphoneos;
				SWIFT_ACTIVE_COMPILATION_CONDITIONS = DEBUG;
				SWIFT_OPTIMIZATION_LEVEL = "-Onone";
			};
			name = Debug;
		};
		BB13DCF32387F0970050B345 /* Release */ = {
			isa = XCBuildConfiguration;
			buildSettings = {
				ALWAYS_SEARCH_USER_PATHS = NO;
				CLANG_ANALYZER_NONNULL = YES;
				CLANG_ANALYZER_NUMBER_OBJECT_CONVERSION = YES_AGGRESSIVE;
				CLANG_CXX_LANGUAGE_STANDARD = "gnu++14";
				CLANG_CXX_LIBRARY = "libc++";
				CLANG_ENABLE_MODULES = YES;
				CLANG_ENABLE_OBJC_ARC = YES;
				CLANG_ENABLE_OBJC_WEAK = YES;
				CLANG_WARN_BLOCK_CAPTURE_AUTORELEASING = YES;
				CLANG_WARN_BOOL_CONVERSION = YES;
				CLANG_WARN_COMMA = YES;
				CLANG_WARN_CONSTANT_CONVERSION = YES;
				CLANG_WARN_DEPRECATED_OBJC_IMPLEMENTATIONS = YES;
				CLANG_WARN_DIRECT_OBJC_ISA_USAGE = YES_ERROR;
				CLANG_WARN_DOCUMENTATION_COMMENTS = YES;
				CLANG_WARN_EMPTY_BODY = YES;
				CLANG_WARN_ENUM_CONVERSION = YES;
				CLANG_WARN_INFINITE_RECURSION = YES;
				CLANG_WARN_INT_CONVERSION = YES;
				CLANG_WARN_NON_LITERAL_NULL_CONVERSION = YES;
				CLANG_WARN_OBJC_IMPLICIT_RETAIN_SELF = YES;
				CLANG_WARN_OBJC_LITERAL_CONVERSION = YES;
				CLANG_WARN_OBJC_ROOT_CLASS = YES_ERROR;
				CLANG_WARN_RANGE_LOOP_ANALYSIS = YES;
				CLANG_WARN_STRICT_PROTOTYPES = YES;
				CLANG_WARN_SUSPICIOUS_MOVE = YES;
				CLANG_WARN_UNGUARDED_AVAILABILITY = YES_AGGRESSIVE;
				CLANG_WARN_UNREACHABLE_CODE = YES;
				CLANG_WARN__DUPLICATE_METHOD_MATCH = YES;
				COPY_PHASE_STRIP = NO;
				DEBUG_INFORMATION_FORMAT = "dwarf-with-dsym";
				ENABLE_NS_ASSERTIONS = NO;
				ENABLE_STRICT_OBJC_MSGSEND = YES;
				GCC_C_LANGUAGE_STANDARD = gnu11;
				GCC_NO_COMMON_BLOCKS = YES;
				GCC_WARN_64_TO_32_BIT_CONVERSION = YES;
				GCC_WARN_ABOUT_RETURN_TYPE = YES_ERROR;
				GCC_WARN_UNDECLARED_SELECTOR = YES;
				GCC_WARN_UNINITIALIZED_AUTOS = YES_AGGRESSIVE;
				GCC_WARN_UNUSED_FUNCTION = YES;
				GCC_WARN_UNUSED_VARIABLE = YES;
				IPHONEOS_DEPLOYMENT_TARGET = 13.1;
				MTL_ENABLE_DEBUG_INFO = NO;
				MTL_FAST_MATH = YES;
				SDKROOT = iphoneos;
				SWIFT_COMPILATION_MODE = wholemodule;
				SWIFT_OPTIMIZATION_LEVEL = "-O";
				VALIDATE_PRODUCT = YES;
			};
			name = Release;
		};
		BB13DCF52387F0970050B345 /* Debug */ = {
			isa = XCBuildConfiguration;
			baseConfigurationReference = FF64FC2DCAE2583B1EDCF19F /* Pods-HerHack.debug.xcconfig */;
			buildSettings = {
				ASSETCATALOG_COMPILER_APPICON_NAME = AppIcon;
				CODE_SIGN_STYLE = Automatic;
				DEVELOPMENT_TEAM = 5APGXQS5S8;
				INFOPLIST_FILE = HerHack/Info.plist;
				IPHONEOS_DEPLOYMENT_TARGET = 13.0;
				LD_RUNPATH_SEARCH_PATHS = (
					"$(inherited)",
					"@executable_path/Frameworks",
				);
				PRODUCT_BUNDLE_IDENTIFIER = com.pdni.HerHack;
				PRODUCT_NAME = "$(TARGET_NAME)";
				SWIFT_VERSION = 5.0;
				TARGETED_DEVICE_FAMILY = "1,2";
			};
			name = Debug;
		};
		BB13DCF62387F0970050B345 /* Release */ = {
			isa = XCBuildConfiguration;
			baseConfigurationReference = 70828AFA5757239AB5A5B262 /* Pods-HerHack.release.xcconfig */;
			buildSettings = {
				ASSETCATALOG_COMPILER_APPICON_NAME = AppIcon;
				CODE_SIGN_STYLE = Automatic;
				DEVELOPMENT_TEAM = 5APGXQS5S8;
				INFOPLIST_FILE = HerHack/Info.plist;
				IPHONEOS_DEPLOYMENT_TARGET = 13.0;
				LD_RUNPATH_SEARCH_PATHS = (
					"$(inherited)",
					"@executable_path/Frameworks",
				);
				PRODUCT_BUNDLE_IDENTIFIER = com.pdni.HerHack;
				PRODUCT_NAME = "$(TARGET_NAME)";
				SWIFT_VERSION = 5.0;
				TARGETED_DEVICE_FAMILY = "1,2";
			};
			name = Release;
		};
		BB13DCF82387F0970050B345 /* Debug */ = {
			isa = XCBuildConfiguration;
			baseConfigurationReference = 37E88A72404C8EBE23BBE649 /* Pods-HerHackTests.debug.xcconfig */;
			buildSettings = {
				ALWAYS_EMBED_SWIFT_STANDARD_LIBRARIES = YES;
				BUNDLE_LOADER = "$(TEST_HOST)";
				CODE_SIGN_STYLE = Automatic;
				INFOPLIST_FILE = HerHackTests/Info.plist;
				IPHONEOS_DEPLOYMENT_TARGET = 13.1;
				LD_RUNPATH_SEARCH_PATHS = (
					"$(inherited)",
					"@executable_path/Frameworks",
					"@loader_path/Frameworks",
				);
				PRODUCT_BUNDLE_IDENTIFIER = com.pdni.HerHackTests;
				PRODUCT_NAME = "$(TARGET_NAME)";
				SWIFT_VERSION = 5.0;
				TARGETED_DEVICE_FAMILY = "1,2";
				TEST_HOST = "$(BUILT_PRODUCTS_DIR)/HerHack.app/HerHack";
			};
			name = Debug;
		};
		BB13DCF92387F0970050B345 /* Release */ = {
			isa = XCBuildConfiguration;
			baseConfigurationReference = A2AF7E7584F0ABA1A3C7C3BB /* Pods-HerHackTests.release.xcconfig */;
			buildSettings = {
				ALWAYS_EMBED_SWIFT_STANDARD_LIBRARIES = YES;
				BUNDLE_LOADER = "$(TEST_HOST)";
				CODE_SIGN_STYLE = Automatic;
				INFOPLIST_FILE = HerHackTests/Info.plist;
				IPHONEOS_DEPLOYMENT_TARGET = 13.1;
				LD_RUNPATH_SEARCH_PATHS = (
					"$(inherited)",
					"@executable_path/Frameworks",
					"@loader_path/Frameworks",
				);
				PRODUCT_BUNDLE_IDENTIFIER = com.pdni.HerHackTests;
				PRODUCT_NAME = "$(TARGET_NAME)";
				SWIFT_VERSION = 5.0;
				TARGETED_DEVICE_FAMILY = "1,2";
				TEST_HOST = "$(BUILT_PRODUCTS_DIR)/HerHack.app/HerHack";
			};
			name = Release;
		};
		D23B7DBA2388062000F92B1B /* Debug */ = {
			isa = XCBuildConfiguration;
			baseConfigurationReference = A94F279E521E12B41CA23404 /* Pods-HerHackUITests.debug.xcconfig */;
			buildSettings = {
				CODE_SIGN_STYLE = Automatic;
				INFOPLIST_FILE = HerHackUITests/Info.plist;
				IPHONEOS_DEPLOYMENT_TARGET = 13.1;
				LD_RUNPATH_SEARCH_PATHS = (
					"$(inherited)",
					"@executable_path/Frameworks",
					"@loader_path/Frameworks",
				);
				PRODUCT_BUNDLE_IDENTIFIER = pdni.HerHackUITests;
				PRODUCT_NAME = "$(TARGET_NAME)";
				SWIFT_VERSION = 5.0;
				TARGETED_DEVICE_FAMILY = "1,2";
				TEST_TARGET_NAME = HerHack;
			};
			name = Debug;
		};
		D23B7DBB2388062000F92B1B /* Release */ = {
			isa = XCBuildConfiguration;
			baseConfigurationReference = F5EC1AAE816622E71B008220 /* Pods-HerHackUITests.release.xcconfig */;
			buildSettings = {
				CODE_SIGN_STYLE = Automatic;
				INFOPLIST_FILE = HerHackUITests/Info.plist;
				IPHONEOS_DEPLOYMENT_TARGET = 13.1;
				LD_RUNPATH_SEARCH_PATHS = (
					"$(inherited)",
					"@executable_path/Frameworks",
					"@loader_path/Frameworks",
				);
				PRODUCT_BUNDLE_IDENTIFIER = pdni.HerHackUITests;
				PRODUCT_NAME = "$(TARGET_NAME)";
				SWIFT_VERSION = 5.0;
				TARGETED_DEVICE_FAMILY = "1,2";
				TEST_TARGET_NAME = HerHack;
			};
			name = Release;
		};
/* End XCBuildConfiguration section */

/* Begin XCConfigurationList section */
		BB13DCD02387F0930050B345 /* Build configuration list for PBXProject "HerHack" */ = {
			isa = XCConfigurationList;
			buildConfigurations = (
				BB13DCF22387F0970050B345 /* Debug */,
				BB13DCF32387F0970050B345 /* Release */,
			);
			defaultConfigurationIsVisible = 0;
			defaultConfigurationName = Release;
		};
		BB13DCF42387F0970050B345 /* Build configuration list for PBXNativeTarget "HerHack" */ = {
			isa = XCConfigurationList;
			buildConfigurations = (
				BB13DCF52387F0970050B345 /* Debug */,
				BB13DCF62387F0970050B345 /* Release */,
			);
			defaultConfigurationIsVisible = 0;
			defaultConfigurationName = Release;
		};
		BB13DCF72387F0970050B345 /* Build configuration list for PBXNativeTarget "HerHackTests" */ = {
			isa = XCConfigurationList;
			buildConfigurations = (
				BB13DCF82387F0970050B345 /* Debug */,
				BB13DCF92387F0970050B345 /* Release */,
			);
			defaultConfigurationIsVisible = 0;
			defaultConfigurationName = Release;
		};
		D23B7DB92388062000F92B1B /* Build configuration list for PBXNativeTarget "HerHackUITests" */ = {
			isa = XCConfigurationList;
			buildConfigurations = (
				D23B7DBA2388062000F92B1B /* Debug */,
				D23B7DBB2388062000F92B1B /* Release */,
			);
			defaultConfigurationIsVisible = 0;
			defaultConfigurationName = Release;
		};
/* End XCConfigurationList section */
	};
	rootObject = BB13DCCD2387F0930050B345 /* Project object */;
}
