// !$*UTF8*$!
{
	archiveVersion = 1;
	classes = {
	};
	objectVersion = 52;
	objects = {

/* Begin PBXBuildFile section */
		BB13DCD92387F0930050B345 /* AppDelegate.swift in Sources */ = {isa = PBXBuildFile; fileRef = BB13DCD82387F0930050B345 /* AppDelegate.swift */; };
		BB13DCDB2387F0930050B345 /* SceneDelegate.swift in Sources */ = {isa = PBXBuildFile; fileRef = BB13DCDA2387F0930050B345 /* SceneDelegate.swift */; };
		BB13DCDD2387F0930050B345 /* ViewController.swift in Sources */ = {isa = PBXBuildFile; fileRef = BB13DCDC2387F0930050B345 /* ViewController.swift */; };
		BB13DCF02387F0970050B345 /* HerHackTests.swift in Sources */ = {isa = PBXBuildFile; fileRef = BB13DCEF2387F0970050B345 /* HerHackTests.swift */; };
		BB7169C12389459200C34C5F /* Assets.xcassets in Resources */ = {isa = PBXBuildFile; fileRef = BB13DCE12387F0970050B345 /* Assets.xcassets */; };
		BB7169C42389489F00C34C5F /* Default-568h@2x.png in Resources */ = {isa = PBXBuildFile; fileRef = BB7169C32389489F00C34C5F /* Default-568h@2x.png */; };
		D23B7DB52388062000F92B1B /* HerHackUITests.swift in Sources */ = {isa = PBXBuildFile; fileRef = D23B7DB42388062000F92B1B /* HerHackUITests.swift */; };
/* End PBXBuildFile section */

/* Begin PBXContainerItemProxy section */
		BB13DCEC2387F0970050B345 /* PBXContainerItemProxy */ = {
			isa = PBXContainerItemProxy;
			containerPortal = BB13DCCD2387F0930050B345 /* Project object */;
			proxyType = 1;
			remoteGlobalIDString = BB13DCD42387F0930050B345;
			remoteInfo = HerHack;
		};
		D23B7DB72388062000F92B1B /* PBXContainerItemProxy */ = {
			isa = PBXContainerItemProxy;
			containerPortal = BB13DCCD2387F0930050B345 /* Project object */;
			proxyType = 1;
			remoteGlobalIDString = BB13DCD42387F0930050B345;
			remoteInfo = HerHack;
		};
/* End PBXContainerItemProxy section */

/* Begin PBXFileReference section */
		BB13DCD52387F0930050B345 /* HerHack.app */ = {isa = PBXFileReference; explicitFileType = wrapper.application; includeInIndex = 0; path = HerHack.app; sourceTree = BUILT_PRODUCTS_DIR; };
		BB13DCD82387F0930050B345 /* AppDelegate.swift */ = {isa = PBXFileReference; lastKnownFileType = sourcecode.swift; path = AppDelegate.swift; sourceTree = "<group>"; };
		BB13DCDA2387F0930050B345 /* SceneDelegate.swift */ = {isa = PBXFileReference; lastKnownFileType = sourcecode.swift; path = SceneDelegate.swift; sourceTree = "<group>"; };
		BB13DCDC2387F0930050B345 /* ViewController.swift */ = {isa = PBXFileReference; lastKnownFileType = sourcecode.swift; path = ViewController.swift; sourceTree = "<group>"; };
		BB13DCE12387F0970050B345 /* Assets.xcassets */ = {isa = PBXFileReference; lastKnownFileType = folder.assetcatalog; path = Assets.xcassets; sourceTree = "<group>"; };
		BB13DCE42387F0970050B345 /* Base */ = {isa = PBXFileReference; lastKnownFileType = file.storyboard; name = Base; path = Base.lproj/LaunchScreen.storyboard; sourceTree = "<group>"; };
		BB13DCE62387F0970050B345 /* Info.plist */ = {isa = PBXFileReference; lastKnownFileType = text.plist.xml; path = Info.plist; sourceTree = "<group>"; };
		BB13DCEB2387F0970050B345 /* HerHackTests.xctest */ = {isa = PBXFileReference; explicitFileType = wrapper.cfbundle; includeInIndex = 0; path = HerHackTests.xctest; sourceTree = BUILT_PRODUCTS_DIR; };
		BB13DCEF2387F0970050B345 /* HerHackTests.swift */ = {isa = PBXFileReference; lastKnownFileType = sourcecode.swift; path = HerHackTests.swift; sourceTree = "<group>"; };
		BB13DCF12387F0970050B345 /* Info.plist */ = {isa = PBXFileReference; lastKnownFileType = text.plist.xml; path = Info.plist; sourceTree = "<group>"; };
		BB7169C32389489F00C34C5F /* Default-568h@2x.png */ = {isa = PBXFileReference; lastKnownFileType = image.png; path = "Default-568h@2x.png"; sourceTree = "<group>"; };
		D23B7DB22388062000F92B1B /* HerHackUITests.xctest */ = {isa = PBXFileReference; explicitFileType = wrapper.cfbundle; includeInIndex = 0; path = HerHackUITests.xctest; sourceTree = BUILT_PRODUCTS_DIR; };
		D23B7DB42388062000F92B1B /* HerHackUITests.swift */ = {isa = PBXFileReference; lastKnownFileType = sourcecode.swift; path = HerHackUITests.swift; sourceTree = "<group>"; };
		D23B7DB62388062000F92B1B /* Info.plist */ = {isa = PBXFileReference; lastKnownFileType = text.plist.xml; path = Info.plist; sourceTree = "<group>"; };
/* End PBXFileReference section */

/* Begin PBXFrameworksBuildPhase section */
		BB13DCD22387F0930050B345 /* Frameworks */ = {
			isa = PBXFrameworksBuildPhase;
			buildActionMask = 2147483647;
			files = (
			);
			runOnlyForDeploymentPostprocessing = 0;
		};
		BB13DCE82387F0970050B345 /* Frameworks */ = {
			isa = PBXFrameworksBuildPhase;
			buildActionMask = 2147483647;
			files = (
			);
			runOnlyForDeploymentPostprocessing = 0;
		};
		D23B7DAF2388062000F92B1B /* Frameworks */ = {
			isa = PBXFrameworksBuildPhase;
			buildActionMask = 2147483647;
			files = (
			);
			runOnlyForDeploymentPostprocessing = 0;
		};
/* End PBXFrameworksBuildPhase section */

/* Begin PBXGroup section */
		BB13DCCC2387F0930050B345 = {
			isa = PBXGroup;
			children = (
				BB7169C32389489F00C34C5F /* Default-568h@2x.png */,
				BB13DCD72387F0930050B345 /* HerHack */,
				BB13DCEE2387F0970050B345 /* HerHackTests */,
				D23B7DB32388062000F92B1B /* HerHackUITests */,
				BB13DCD62387F0930050B345 /* Products */,
			);
			sourceTree = "<group>";
		};
		BB13DCD62387F0930050B345 /* Products */ = {
			isa = PBXGroup;
			children = (
				BB13DCD52387F0930050B345 /* HerHack.app */,
				BB13DCEB2387F0970050B345 /* HerHackTests.xctest */,
				D23B7DB22388062000F92B1B /* HerHackUITests.xctest */,
			);
			name = Products;
			sourceTree = "<group>";
		};
		BB13DCD72387F0930050B345 /* HerHack */ = {
			isa = PBXGroup;
			children = (
				BB13DCD82387F0930050B345 /* AppDelegate.swift */,
				BB13DCDA2387F0930050B345 /* SceneDelegate.swift */,
				BB13DCDC2387F0930050B345 /* ViewController.swift */,
				BB13DCE12387F0970050B345 /* Assets.xcassets */,
				BB13DCE32387F0970050B345 /* LaunchScreen.storyboard */,
				BB13DCE62387F0970050B345 /* Info.plist */,
			);
			path = HerHack;
			sourceTree = "<group>";
		};
		BB13DCEE2387F0970050B345 /* HerHackTests */ = {
			isa = PBXGroup;
			children = (
				BB13DCEF2387F0970050B345 /* HerHackTests.swift */,
				BB13DCF12387F0970050B345 /* Info.plist */,
			);
			path = HerHackTests;
			sourceTree = "<group>";
		};
		D23B7DB32388062000F92B1B /* HerHackUITests */ = {
			isa = PBXGroup;
			children = (
				D23B7DB42388062000F92B1B /* HerHackUITests.swift */,
				D23B7DB62388062000F92B1B /* Info.plist */,
			);
			path = HerHackUITests;
			sourceTree = "<group>";
		};
/* End PBXGroup section */

/* Begin PBXNativeTarget section */
		BB13DCD42387F0930050B345 /* HerHack */ = {
			isa = PBXNativeTarget;
			buildConfigurationList = BB13DCF42387F0970050B345 /* Build configuration list for PBXNativeTarget "HerHack" */;
			buildPhases = (
				BB13DCD12387F0930050B345 /* Sources */,
				BB13DCD22387F0930050B345 /* Frameworks */,
				BB13DCD32387F0930050B345 /* Resources */,
			);
			buildRules = (
			);
			dependencies = (
			);
			name = HerHack;
			productName = HerHack;
			productReference = BB13DCD52387F0930050B345 /* HerHack.app */;
			productType = "com.apple.product-type.application";
		};
		BB13DCEA2387F0970050B345 /* HerHackTests */ = {
			isa = PBXNativeTarget;
			buildConfigurationList = BB13DCF72387F0970050B345 /* Build configuration list for PBXNativeTarget "HerHackTests" */;
			buildPhases = (
				BB13DCE72387F0970050B345 /* Sources */,
				BB13DCE82387F0970050B345 /* Frameworks */,
				BB13DCE92387F0970050B345 /* Resources */,
			);
			buildRules = (
			);
			dependencies = (
				BB13DCED2387F0970050B345 /* PBXTargetDependency */,
			);
			name = HerHackTests;
			productName = HerHackTests;
			productReference = BB13DCEB2387F0970050B345 /* HerHackTests.xctest */;
			productType = "com.apple.product-type.bundle.unit-test";
		};
		D23B7DB12388062000F92B1B /* HerHackUITests */ = {
			isa = PBXNativeTarget;
			buildConfigurationList = D23B7DB92388062000F92B1B /* Build configuration list for PBXNativeTarget "HerHackUITests" */;
			buildPhases = (
				D23B7DAE2388062000F92B1B /* Sources */,
				D23B7DAF2388062000F92B1B /* Frameworks */,
				D23B7DB02388062000F92B1B /* Resources */,
			);
			buildRules = (
			);
			dependencies = (
				D23B7DB82388062000F92B1B /* PBXTargetDependency */,
			);
			name = HerHackUITests;
			productName = HerHackUITests;
			productReference = D23B7DB22388062000F92B1B /* HerHackUITests.xctest */;
			productType = "com.apple.product-type.bundle.ui-testing";
		};
/* End PBXNativeTarget section */

/* Begin PBXProject section */
		BB13DCCD2387F0930050B345 /* Project object */ = {
			isa = PBXProject;
			attributes = {
				LastSwiftUpdateCheck = 1110;
				LastUpgradeCheck = 1120;
				ORGANIZATIONNAME = pdni;
				TargetAttributes = {
					BB13DCD42387F0930050B345 = {
						CreatedOnToolsVersion = 11.2.1;
					};
					BB13DCEA2387F0970050B345 = {
						CreatedOnToolsVersion = 11.2.1;
						TestTargetID = BB13DCD42387F0930050B345;
					};
					D23B7DB12388062000F92B1B = {
						CreatedOnToolsVersion = 11.1;
						TestTargetID = BB13DCD42387F0930050B345;
					};
				};
			};
			buildConfigurationList = BB13DCD02387F0930050B345 /* Build configuration list for PBXProject "HerHack" */;
			compatibilityVersion = "Xcode 11.0";
			developmentRegion = en;
			hasScannedForEncodings = 0;
			knownRegions = (
				en,
				Base,
			);
			mainGroup = BB13DCCC2387F0930050B345;
			productRefGroup = BB13DCD62387F0930050B345 /* Products */;
			projectDirPath = "";
			projectRoot = "";
			targets = (
				BB13DCD42387F0930050B345 /* HerHack */,
				BB13DCEA2387F0970050B345 /* HerHackTests */,
				D23B7DB12388062000F92B1B /* HerHackUITests */,
			);
		};
/* End PBXProject section */

/* Begin PBXResourcesBuildPhase section */
		BB13DCD32387F0930050B345 /* Resources */ = {
			isa = PBXResourcesBuildPhase;
			buildActionMask = 2147483647;
			files = (
				BB7169C12389459200C34C5F /* Assets.xcassets in Resources */,
				BB7169C42389489F00C34C5F /* Default-568h@2x.png in Resources */,
			);
			runOnlyForDeploymentPostprocessing = 0;
		};
		BB13DCE92387F0970050B345 /* Resources */ = {
			isa = PBXResourcesBuildPhase;
			buildActionMask = 2147483647;
			files = (
			);
			runOnlyForDeploymentPostprocessing = 0;
		};
		D23B7DB02388062000F92B1B /* Resources */ = {
			isa = PBXResourcesBuildPhase;
			buildActionMask = 2147483647;
			files = (
			);
			runOnlyForDeploymentPostprocessing = 0;
		};
/* End PBXResourcesBuildPhase section */

/* Begin PBXSourcesBuildPhase section */
		BB13DCD12387F0930050B345 /* Sources */ = {
			isa = PBXSourcesBuildPhase;
			buildActionMask = 2147483647;
			files = (
				BB13DCDD2387F0930050B345 /* ViewController.swift in Sources */,
				BB13DCD92387F0930050B345 /* AppDelegate.swift in Sources */,
				BB13DCDB2387F0930050B345 /* SceneDelegate.swift in Sources */,
			);
			runOnlyForDeploymentPostprocessing = 0;
		};
		BB13DCE72387F0970050B345 /* Sources */ = {
			isa = PBXSourcesBuildPhase;
			buildActionMask = 2147483647;
			files = (
				BB13DCF02387F0970050B345 /* HerHackTests.swift in Sources */,
			);
			runOnlyForDeploymentPostprocessing = 0;
		};
		D23B7DAE2388062000F92B1B /* Sources */ = {
			isa = PBXSourcesBuildPhase;
			buildActionMask = 2147483647;
			files = (
				D23B7DB52388062000F92B1B /* HerHackUITests.swift in Sources */,
			);
			runOnlyForDeploymentPostprocessing = 0;
		};
/* End PBXSourcesBuildPhase section */

/* Begin PBXTargetDependency section */
		BB13DCED2387F0970050B345 /* PBXTargetDependency */ = {
			isa = PBXTargetDependency;
			target = BB13DCD42387F0930050B345 /* HerHack */;
			targetProxy = BB13DCEC2387F0970050B345 /* PBXContainerItemProxy */;
		};
		D23B7DB82388062000F92B1B /* PBXTargetDependency */ = {
			isa = PBXTargetDependency;
			target = BB13DCD42387F0930050B345 /* HerHack */;
			targetProxy = D23B7DB72388062000F92B1B /* PBXContainerItemProxy */;
		};
/* End PBXTargetDependency section */

/* Begin PBXVariantGroup section */
		BB13DCE32387F0970050B345 /* LaunchScreen.storyboard */ = {
			isa = PBXVariantGroup;
			children = (
				BB13DCE42387F0970050B345 /* Base */,
			);
			name = LaunchScreen.storyboard;
			sourceTree = "<group>";
		};
/* End PBXVariantGroup section */

/* Begin XCBuildConfiguration section */
		BB13DCF22387F0970050B345 /* Debug */ = {
			isa = XCBuildConfiguration;
			buildSettings = {
				ALWAYS_SEARCH_USER_PATHS = NO;
				CLANG_ANALYZER_NONNULL = YES;
				CLANG_ANALYZER_NUMBER_OBJECT_CONVERSION = YES_AGGRESSIVE;
				CLANG_CXX_LANGUAGE_STANDARD = "gnu++14";
				CLANG_CXX_LIBRARY = "libc++";
				CLANG_ENABLE_MODULES = YES;
				CLANG_ENABLE_OBJC_ARC = YES;
				CLANG_ENABLE_OBJC_WEAK = YES;
				CLANG_WARN_BLOCK_CAPTURE_AUTORELEASING = YES;
				CLANG_WARN_BOOL_CONVERSION = YES;
				CLANG_WARN_COMMA = YES;
				CLANG_WARN_CONSTANT_CONVERSION = YES;
				CLANG_WARN_DEPRECATED_OBJC_IMPLEMENTATIONS = YES;
				CLANG_WARN_DIRECT_OBJC_ISA_USAGE = YES_ERROR;
				CLANG_WARN_DOCUMENTATION_COMMENTS = YES;
				CLANG_WARN_EMPTY_BODY = YES;
				CLANG_WARN_ENUM_CONVERSION = YES;
				CLANG_WARN_INFINITE_RECURSION = YES;
				CLANG_WARN_INT_CONVERSION = YES;
				CLANG_WARN_NON_LITERAL_NULL_CONVERSION = YES;
				CLANG_WARN_OBJC_IMPLICIT_RETAIN_SELF = YES;
				CLANG_WARN_OBJC_LITERAL_CONVERSION = YES;
				CLANG_WARN_OBJC_ROOT_CLASS = YES_ERROR;
				CLANG_WARN_RANGE_LOOP_ANALYSIS = YES;
				CLANG_WARN_STRICT_PROTOTYPES = YES;
				CLANG_WARN_SUSPICIOUS_MOVE = YES;
				CLANG_WARN_UNGUARDED_AVAILABILITY = YES_AGGRESSIVE;
				CLANG_WARN_UNREACHABLE_CODE = YES;
				CLANG_WARN__DUPLICATE_METHOD_MATCH = YES;
				COPY_PHASE_STRIP = NO;
				DEBUG_INFORMATION_FORMAT = dwarf;
				ENABLE_STRICT_OBJC_MSGSEND = YES;
				ENABLE_TESTABILITY = YES;
				GCC_C_LANGUAGE_STANDARD = gnu11;
				GCC_DYNAMIC_NO_PIC = NO;
				GCC_NO_COMMON_BLOCKS = YES;
				GCC_OPTIMIZATION_LEVEL = 0;
				GCC_PREPROCESSOR_DEFINITIONS = (
					"DEBUG=1",
					"$(inherited)",
				);
				GCC_WARN_64_TO_32_BIT_CONVERSION = YES;
				GCC_WARN_ABOUT_RETURN_TYPE = YES_ERROR;
				GCC_WARN_UNDECLARED_SELECTOR = YES;
				GCC_WARN_UNINITIALIZED_AUTOS = YES_AGGRESSIVE;
				GCC_WARN_UNUSED_FUNCTION = YES;
				GCC_WARN_UNUSED_VARIABLE = YES;
				IPHONEOS_DEPLOYMENT_TARGET = 13.2;
				MTL_ENABLE_DEBUG_INFO = INCLUDE_SOURCE;
				MTL_FAST_MATH = YES;
				ONLY_ACTIVE_ARCH = YES;
				SDKROOT = iphoneos;
				SWIFT_ACTIVE_COMPILATION_CONDITIONS = DEBUG;
				SWIFT_OPTIMIZATION_LEVEL = "-Onone";
			};
			name = Debug;
		};
		BB13DCF32387F0970050B345 /* Release */ = {
			isa = XCBuildConfiguration;
			buildSettings = {
				ALWAYS_SEARCH_USER_PATHS = NO;
				CLANG_ANALYZER_NONNULL = YES;
				CLANG_ANALYZER_NUMBER_OBJECT_CONVERSION = YES_AGGRESSIVE;
				CLANG_CXX_LANGUAGE_STANDARD = "gnu++14";
				CLANG_CXX_LIBRARY = "libc++";
				CLANG_ENABLE_MODULES = YES;
				CLANG_ENABLE_OBJC_ARC = YES;
				CLANG_ENABLE_OBJC_WEAK = YES;
				CLANG_WARN_BLOCK_CAPTURE_AUTORELEASING = YES;
				CLANG_WARN_BOOL_CONVERSION = YES;
				CLANG_WARN_COMMA = YES;
				CLANG_WARN_CONSTANT_CONVERSION = YES;
				CLANG_WARN_DEPRECATED_OBJC_IMPLEMENTATIONS = YES;
				CLANG_WARN_DIRECT_OBJC_ISA_USAGE = YES_ERROR;
				CLANG_WARN_DOCUMENTATION_COMMENTS = YES;
				CLANG_WARN_EMPTY_BODY = YES;
				CLANG_WARN_ENUM_CONVERSION = YES;
				CLANG_WARN_INFINITE_RECURSION = YES;
				CLANG_WARN_INT_CONVERSION = YES;
				CLANG_WARN_NON_LITERAL_NULL_CONVERSION = YES;
				CLANG_WARN_OBJC_IMPLICIT_RETAIN_SELF = YES;
				CLANG_WARN_OBJC_LITERAL_CONVERSION = YES;
				CLANG_WARN_OBJC_ROOT_CLASS = YES_ERROR;
				CLANG_WARN_RANGE_LOOP_ANALYSIS = YES;
				CLANG_WARN_STRICT_PROTOTYPES = YES;
				CLANG_WARN_SUSPICIOUS_MOVE = YES;
				CLANG_WARN_UNGUARDED_AVAILABILITY = YES_AGGRESSIVE;
				CLANG_WARN_UNREACHABLE_CODE = YES;
				CLANG_WARN__DUPLICATE_METHOD_MATCH = YES;
				COPY_PHASE_STRIP = NO;
				DEBUG_INFORMATION_FORMAT = "dwarf-with-dsym";
				ENABLE_NS_ASSERTIONS = NO;
				ENABLE_STRICT_OBJC_MSGSEND = YES;
				GCC_C_LANGUAGE_STANDARD = gnu11;
				GCC_NO_COMMON_BLOCKS = YES;
				GCC_WARN_64_TO_32_BIT_CONVERSION = YES;
				GCC_WARN_ABOUT_RETURN_TYPE = YES_ERROR;
				GCC_WARN_UNDECLARED_SELECTOR = YES;
				GCC_WARN_UNINITIALIZED_AUTOS = YES_AGGRESSIVE;
				GCC_WARN_UNUSED_FUNCTION = YES;
				GCC_WARN_UNUSED_VARIABLE = YES;
				IPHONEOS_DEPLOYMENT_TARGET = 13.2;
				MTL_ENABLE_DEBUG_INFO = NO;
				MTL_FAST_MATH = YES;
				SDKROOT = iphoneos;
				SWIFT_COMPILATION_MODE = wholemodule;
				SWIFT_OPTIMIZATION_LEVEL = "-O";
				VALIDATE_PRODUCT = YES;
			};
			name = Release;
		};
		BB13DCF52387F0970050B345 /* Debug */ = {
			isa = XCBuildConfiguration;
			buildSettings = {
				ASSETCATALOG_COMPILER_APPICON_NAME = AppIcon;
				CODE_SIGN_STYLE = Automatic;
				DEVELOPMENT_TEAM = 5APGXQS5S8;
				INFOPLIST_FILE = HerHack/Info.plist;
				IPHONEOS_DEPLOYMENT_TARGET = 13.0;
				LD_RUNPATH_SEARCH_PATHS = (
					"$(inherited)",
					"@executable_path/Frameworks",
				);
				PRODUCT_BUNDLE_IDENTIFIER = com.pdni.HerHack;
				PRODUCT_NAME = "$(TARGET_NAME)";
				SWIFT_VERSION = 5.0;
				TARGETED_DEVICE_FAMILY = "1,2";
			};
			name = Debug;
		};
		BB13DCF62387F0970050B345 /* Release */ = {
			isa = XCBuildConfiguration;
			buildSettings = {
				ASSETCATALOG_COMPILER_APPICON_NAME = AppIcon;
				CODE_SIGN_STYLE = Automatic;
				DEVELOPMENT_TEAM = 5APGXQS5S8;
				INFOPLIST_FILE = HerHack/Info.plist;
				IPHONEOS_DEPLOYMENT_TARGET = 13.0;
				LD_RUNPATH_SEARCH_PATHS = (
					"$(inherited)",
					"@executable_path/Frameworks",
				);
				PRODUCT_BUNDLE_IDENTIFIER = com.pdni.HerHack;
				PRODUCT_NAME = "$(TARGET_NAME)";
				SWIFT_VERSION = 5.0;
				TARGETED_DEVICE_FAMILY = "1,2";
			};
			name = Release;
		};
		BB13DCF82387F0970050B345 /* Debug */ = {
			isa = XCBuildConfiguration;
			buildSettings = {
				ALWAYS_EMBED_SWIFT_STANDARD_LIBRARIES = YES;
				BUNDLE_LOADER = "$(TEST_HOST)";
				CODE_SIGN_STYLE = Automatic;
				INFOPLIST_FILE = HerHackTests/Info.plist;
				IPHONEOS_DEPLOYMENT_TARGET = 13.2;
				LD_RUNPATH_SEARCH_PATHS = (
					"$(inherited)",
					"@executable_path/Frameworks",
					"@loader_path/Frameworks",
				);
				PRODUCT_BUNDLE_IDENTIFIER = com.pdni.HerHackTests;
				PRODUCT_NAME = "$(TARGET_NAME)";
				SWIFT_VERSION = 5.0;
				TARGETED_DEVICE_FAMILY = "1,2";
				TEST_HOST = "$(BUILT_PRODUCTS_DIR)/HerHack.app/HerHack";
			};
			name = Debug;
		};
		BB13DCF92387F0970050B345 /* Release */ = {
			isa = XCBuildConfiguration;
			buildSettings = {
				ALWAYS_EMBED_SWIFT_STANDARD_LIBRARIES = YES;
				BUNDLE_LOADER = "$(TEST_HOST)";
				CODE_SIGN_STYLE = Automatic;
				INFOPLIST_FILE = HerHackTests/Info.plist;
				IPHONEOS_DEPLOYMENT_TARGET = 13.2;
				LD_RUNPATH_SEARCH_PATHS = (
					"$(inherited)",
					"@executable_path/Frameworks",
					"@loader_path/Frameworks",
				);
				PRODUCT_BUNDLE_IDENTIFIER = com.pdni.HerHackTests;
				PRODUCT_NAME = "$(TARGET_NAME)";
				SWIFT_VERSION = 5.0;
				TARGETED_DEVICE_FAMILY = "1,2";
				TEST_HOST = "$(BUILT_PRODUCTS_DIR)/HerHack.app/HerHack";
			};
			name = Release;
		};
		D23B7DBA2388062000F92B1B /* Debug */ = {
			isa = XCBuildConfiguration;
			buildSettings = {
				CODE_SIGN_STYLE = Automatic;
				INFOPLIST_FILE = HerHackUITests/Info.plist;
				IPHONEOS_DEPLOYMENT_TARGET = 13.1;
				LD_RUNPATH_SEARCH_PATHS = (
					"$(inherited)",
					"@executable_path/Frameworks",
					"@loader_path/Frameworks",
				);
				PRODUCT_BUNDLE_IDENTIFIER = pdni.HerHackUITests;
				PRODUCT_NAME = "$(TARGET_NAME)";
				SWIFT_VERSION = 5.0;
				TARGETED_DEVICE_FAMILY = "1,2";
				TEST_TARGET_NAME = HerHack;
			};
			name = Debug;
		};
		D23B7DBB2388062000F92B1B /* Release */ = {
			isa = XCBuildConfiguration;
			buildSettings = {
				CODE_SIGN_STYLE = Automatic;
				INFOPLIST_FILE = HerHackUITests/Info.plist;
				IPHONEOS_DEPLOYMENT_TARGET = 13.1;
				LD_RUNPATH_SEARCH_PATHS = (
					"$(inherited)",
					"@executable_path/Frameworks",
					"@loader_path/Frameworks",
				);
				PRODUCT_BUNDLE_IDENTIFIER = pdni.HerHackUITests;
				PRODUCT_NAME = "$(TARGET_NAME)";
				SWIFT_VERSION = 5.0;
				TARGETED_DEVICE_FAMILY = "1,2";
				TEST_TARGET_NAME = HerHack;
			};
			name = Release;
		};
/* End XCBuildConfiguration section */

/* Begin XCConfigurationList section */
		BB13DCD02387F0930050B345 /* Build configuration list for PBXProject "HerHack" */ = {
			isa = XCConfigurationList;
			buildConfigurations = (
				BB13DCF22387F0970050B345 /* Debug */,
				BB13DCF32387F0970050B345 /* Release */,
			);
			defaultConfigurationIsVisible = 0;
			defaultConfigurationName = Release;
		};
		BB13DCF42387F0970050B345 /* Build configuration list for PBXNativeTarget "HerHack" */ = {
			isa = XCConfigurationList;
			buildConfigurations = (
				BB13DCF52387F0970050B345 /* Debug */,
				BB13DCF62387F0970050B345 /* Release */,
			);
			defaultConfigurationIsVisible = 0;
			defaultConfigurationName = Release;
		};
		BB13DCF72387F0970050B345 /* Build configuration list for PBXNativeTarget "HerHackTests" */ = {
			isa = XCConfigurationList;
			buildConfigurations = (
				BB13DCF82387F0970050B345 /* Debug */,
				BB13DCF92387F0970050B345 /* Release */,
			);
			defaultConfigurationIsVisible = 0;
			defaultConfigurationName = Release;
		};
		D23B7DB92388062000F92B1B /* Build configuration list for PBXNativeTarget "HerHackUITests" */ = {
			isa = XCConfigurationList;
			buildConfigurations = (
				D23B7DBA2388062000F92B1B /* Debug */,
				D23B7DBB2388062000F92B1B /* Release */,
			);
			defaultConfigurationIsVisible = 0;
			defaultConfigurationName = Release;
		};
/* End XCConfigurationList section */
	};
	rootObject = BB13DCCD2387F0930050B345 /* Project object */;
}
